
Microsoft Visual Studio Solution File, Format Version 12.00
# Visual Studio Version 17
VisualStudioVersion = 17.7.34018.315
MinimumVisualStudioVersion = 10.0.40219.1
Project("{9A19103F-16F7-4668-BE54-9A1E7A4F7556}") = "AoC22", "AoC22\AoC22.csproj", "{7FE5CD5B-EEF7-4FC0-B540-1C516277B97A}"
EndProject
Project("{9A19103F-16F7-4668-BE54-9A1E7A4F7556}") = "AoC22.Test", "AoC22.Test\AoC22.Test.csproj", "{D8352416-A2F6-438E-9551-4FC1B4B14355}"
EndProject
Project("{2150E333-8FDC-42A3-9474-1A3956D46DE8}") = "Solution Files", "Solution Files", "{C54F8B22-058E-402E-8B58-6F892CA58911}"
	ProjectSection(SolutionItems) = preProject
		.editorconfig = .editorconfig
	EndProjectSection
EndProject
Global
	GlobalSection(SolutionConfigurationPlatforms) = preSolution
		Debug|Any CPU = Debug|Any CPU
		Release|Any CPU = Release|Any CPU
	EndGlobalSection
	GlobalSection(ProjectConfigurationPlatforms) = postSolution
		{7FE5CD5B-EEF7-4FC0-B540-1C516277B97A}.Debug|Any CPU.ActiveCfg = Debug|Any CPU
		{7FE5CD5B-EEF7-4FC0-B540-1C516277B97A}.Debug|Any CPU.Build.0 = Debug|Any CPU
		{7FE5CD5B-EEF7-4FC0-B540-1C516277B97A}.Release|Any CPU.ActiveCfg = Release|Any CPU
		{7FE5CD5B-EEF7-4FC0-B540-1C516277B97A}.Release|Any CPU.Build.0 = Release|Any CPU
		{D8352416-A2F6-438E-9551-4FC1B4B14355}.Debug|Any CPU.ActiveCfg = Debug|Any CPU
		{D8352416-A2F6-438E-9551-4FC1B4B14355}.Debug|Any CPU.Build.0 = Debug|Any CPU
		{D8352416-A2F6-438E-9551-4FC1B4B14355}.Release|Any CPU.ActiveCfg = Release|Any CPU
		{D8352416-A2F6-438E-9551-4FC1B4B14355}.Release|Any CPU.Build.0 = Release|Any CPU
	EndGlobalSection
	GlobalSection(SolutionProperties) = preSolution
		HideSolutionNode = FALSE
	EndGlobalSection
	GlobalSection(ExtensibilityGlobals) = postSolution
		SolutionGuid = {E9E06BC8-5ED5-414F-9A10-DE38FDE3D925}
	EndGlobalSection
EndGlobal
